// !$*UTF8*$!
{
	archiveVersion = 1;
	classes = {
	};
	objectVersion = 56;
	objects = {

/* Begin PBXBuildFile section */
		F6AE09F2297B206100F1490D /* Word_Master2App.swift in Sources */ = {isa = PBXBuildFile; fileRef = F6AE09F1297B206100F1490D /* Word_Master2App.swift */; };
		F6AE09F4297B206100F1490D /* CategoriesView.swift in Sources */ = {isa = PBXBuildFile; fileRef = F6AE09F3297B206100F1490D /* CategoriesView.swift */; };
		F6AE09F6297B206500F1490D /* Assets.xcassets in Resources */ = {isa = PBXBuildFile; fileRef = F6AE09F5297B206500F1490D /* Assets.xcassets */; };
		F6AE09F9297B206500F1490D /* Preview Assets.xcassets in Resources */ = {isa = PBXBuildFile; fileRef = F6AE09F8297B206500F1490D /* Preview Assets.xcassets */; };
		F6AE0A00297B208000F1490D /* LaunchScreen.storyboard in Resources */ = {isa = PBXBuildFile; fileRef = F6AE09FF297B208000F1490D /* LaunchScreen.storyboard */; };
		F6AE0A02297B259500F1490D /* WordInfoView.swift in Sources */ = {isa = PBXBuildFile; fileRef = F6AE0A01297B259500F1490D /* WordInfoView.swift */; };
		F6AE0A04297B270A00F1490D /* WordsView.swift in Sources */ = {isa = PBXBuildFile; fileRef = F6AE0A03297B270A00F1490D /* WordsView.swift */; };
		F6AE0A06297B2C3B00F1490D /* CatImageView.swift in Sources */ = {isa = PBXBuildFile; fileRef = F6AE0A05297B2C3B00F1490D /* CatImageView.swift */; };
		F6AE0A08297B7E2D00F1490D /* SampleCatList.swift in Sources */ = {isa = PBXBuildFile; fileRef = F6AE0A07297B7E2D00F1490D /* SampleCatList.swift */; };
/* End PBXBuildFile section */

/* Begin PBXFileReference section */
		F6AE09EE297B206100F1490D /* Word Master2.app */ = {isa = PBXFileReference; explicitFileType = wrapper.application; includeInIndex = 0; path = "Word Master2.app"; sourceTree = BUILT_PRODUCTS_DIR; };
		F6AE09F1297B206100F1490D /* Word_Master2App.swift */ = {isa = PBXFileReference; lastKnownFileType = sourcecode.swift; path = Word_Master2App.swift; sourceTree = "<group>"; };
		F6AE09F3297B206100F1490D /* CategoriesView.swift */ = {isa = PBXFileReference; lastKnownFileType = sourcecode.swift; path = CategoriesView.swift; sourceTree = "<group>"; };
		F6AE09F5297B206500F1490D /* Assets.xcassets */ = {isa = PBXFileReference; lastKnownFileType = folder.assetcatalog; path = Assets.xcassets; sourceTree = "<group>"; };
		F6AE09F8297B206500F1490D /* Preview Assets.xcassets */ = {isa = PBXFileReference; lastKnownFileType = folder.assetcatalog; path = "Preview Assets.xcassets"; sourceTree = "<group>"; };
		F6AE09FF297B208000F1490D /* LaunchScreen.storyboard */ = {isa = PBXFileReference; lastKnownFileType = file.storyboard; path = LaunchScreen.storyboard; sourceTree = "<group>"; };
		F6AE0A01297B259500F1490D /* WordInfoView.swift */ = {isa = PBXFileReference; lastKnownFileType = sourcecode.swift; path = WordInfoView.swift; sourceTree = "<group>"; };
		F6AE0A03297B270A00F1490D /* WordsView.swift */ = {isa = PBXFileReference; lastKnownFileType = sourcecode.swift; path = WordsView.swift; sourceTree = "<group>"; };
		F6AE0A05297B2C3B00F1490D /* CatImageView.swift */ = {isa = PBXFileReference; lastKnownFileType = sourcecode.swift; path = CatImageView.swift; sourceTree = "<group>"; };
		F6AE0A07297B7E2D00F1490D /* SampleCatList.swift */ = {isa = PBXFileReference; lastKnownFileType = sourcecode.swift; path = SampleCatList.swift; sourceTree = "<group>"; };
/* End PBXFileReference section */

/* Begin PBXFrameworksBuildPhase section */
		F6AE09EB297B206100F1490D /* Frameworks */ = {
			isa = PBXFrameworksBuildPhase;
			buildActionMask = 2147483647;
			files = (
			);
			runOnlyForDeploymentPostprocessing = 0;
		};
/* End PBXFrameworksBuildPhase section */

/* Begin PBXGroup section */
		F6AE09E5297B206100F1490D = {
			isa = PBXGroup;
			children = (
				F6AE0A07297B7E2D00F1490D /* SampleCatList.swift */,
				F6AE09FF297B208000F1490D /* LaunchScreen.storyboard */,
				F6AE09F0297B206100F1490D /* Word Master2 */,
				F6AE09EF297B206100F1490D /* Products */,
			);
			sourceTree = "<group>";
		};
		F6AE09EF297B206100F1490D /* Products */ = {
			isa = PBXGroup;
			children = (
				F6AE09EE297B206100F1490D /* Word Master2.app */,
			);
			name = Products;
			sourceTree = "<group>";
		};
		F6AE09F0297B206100F1490D /* Word Master2 */ = {
			isa = PBXGroup;
			children = (
				F6AE09F1297B206100F1490D /* Word_Master2App.swift */,
				F6AE09F3297B206100F1490D /* CategoriesView.swift */,
				F6AE0A05297B2C3B00F1490D /* CatImageView.swift */,
				F6AE0A03297B270A00F1490D /* WordsView.swift */,
				F6AE0A01297B259500F1490D /* WordInfoView.swift */,
				F6AE09F5297B206500F1490D /* Assets.xcassets */,
				F6AE09F7297B206500F1490D /* Preview Content */,
			);
			path = "Word Master2";
			sourceTree = "<group>";
		};
		F6AE09F7297B206500F1490D /* Preview Content */ = {
			isa = PBXGroup;
			children = (
				F6AE09F8297B206500F1490D /* Preview Assets.xcassets */,
			);
			path = "Preview Content";
			sourceTree = "<group>";
		};
/* End PBXGroup section */

/* Begin PBXNativeTarget section */
		F6AE09ED297B206100F1490D /* Word Master2 */ = {
			isa = PBXNativeTarget;
			buildConfigurationList = F6AE09FC297B206500F1490D /* Build configuration list for PBXNativeTarget "Word Master2" */;
			buildPhases = (
				F6AE09EA297B206100F1490D /* Sources */,
				F6AE09EB297B206100F1490D /* Frameworks */,
				F6AE09EC297B206100F1490D /* Resources */,
			);
			buildRules = (
			);
			dependencies = (
			);
			name = "Word Master2";
			productName = "Word Master2";
			productReference = F6AE09EE297B206100F1490D /* Word Master2.app */;
			productType = "com.apple.product-type.application";
		};
/* End PBXNativeTarget section */

/* Begin PBXProject section */
		F6AE09E6297B206100F1490D /* Project object */ = {
			isa = PBXProject;
			attributes = {
				BuildIndependentTargetsInParallel = 1;
				LastSwiftUpdateCheck = 1420;
				LastUpgradeCheck = 1420;
				TargetAttributes = {
					F6AE09ED297B206100F1490D = {
						CreatedOnToolsVersion = 14.2;
					};
				};
			};
			buildConfigurationList = F6AE09E9297B206100F1490D /* Build configuration list for PBXProject "Word Master2" */;
			compatibilityVersion = "Xcode 14.0";
			developmentRegion = en;
			hasScannedForEncodings = 0;
			knownRegions = (
				en,
				Base,
			);
			mainGroup = F6AE09E5297B206100F1490D;
			productRefGroup = F6AE09EF297B206100F1490D /* Products */;
			projectDirPath = "";
			projectRoot = "";
			targets = (
				F6AE09ED297B206100F1490D /* Word Master2 */,
			);
		};
/* End PBXProject section */

/* Begin PBXResourcesBuildPhase section */
		F6AE09EC297B206100F1490D /* Resources */ = {
			isa = PBXResourcesBuildPhase;
			buildActionMask = 2147483647;
			files = (
				F6AE0A00297B208000F1490D /* LaunchScreen.storyboard in Resources */,
				F6AE09F9297B206500F1490D /* Preview Assets.xcassets in Resources */,
				F6AE09F6297B206500F1490D /* Assets.xcassets in Resources */,
			);
			runOnlyForDeploymentPostprocessing = 0;
		};
/* End PBXResourcesBuildPhase section */

/* Begin PBXSourcesBuildPhase section */
		F6AE09EA297B206100F1490D /* Sources */ = {
			isa = PBXSourcesBuildPhase;
			buildActionMask = 2147483647;
			files = (
				F6AE0A08297B7E2D00F1490D /* SampleCatList.swift in Sources */,
				F6AE0A04297B270A00F1490D /* WordsView.swift in Sources */,
				F6AE09F4297B206100F1490D /* CategoriesView.swift in Sources */,
				F6AE09F2297B206100F1490D /* Word_Master2App.swift in Sources */,
				F6AE0A06297B2C3B00F1490D /* CatImageView.swift in Sources */,
				F6AE0A02297B259500F1490D /* WordInfoView.swift in Sources */,
			);
			runOnlyForDeploymentPostprocessing = 0;
		};
/* End PBXSourcesBuildPhase section */

/* Begin XCBuildConfiguration section */
		F6AE09FA297B206500F1490D /* Debug */ = {
			isa = XCBuildConfiguration;
			buildSettings = {
				ALWAYS_SEARCH_USER_PATHS = NO;
				CLANG_ANALYZER_NONNULL = YES;
				CLANG_ANALYZER_NUMBER_OBJECT_CONVERSION = YES_AGGRESSIVE;
				CLANG_CXX_LANGUAGE_STANDARD = "gnu++20";
				CLANG_ENABLE_MODULES = YES;
				CLANG_ENABLE_OBJC_ARC = YES;
				CLANG_ENABLE_OBJC_WEAK = YES;
				CLANG_WARN_BLOCK_CAPTURE_AUTORELEASING = YES;
				CLANG_WARN_BOOL_CONVERSION = YES;
				CLANG_WARN_COMMA = YES;
				CLANG_WARN_CONSTANT_CONVERSION = YES;
				CLANG_WARN_DEPRECATED_OBJC_IMPLEMENTATIONS = YES;
				CLANG_WARN_DIRECT_OBJC_ISA_USAGE = YES_ERROR;
				CLANG_WARN_DOCUMENTATION_COMMENTS = YES;
				CLANG_WARN_EMPTY_BODY = YES;
				CLANG_WARN_ENUM_CONVERSION = YES;
				CLANG_WARN_INFINITE_RECURSION = YES;
				CLANG_WARN_INT_CONVERSION = YES;
				CLANG_WARN_NON_LITERAL_NULL_CONVERSION = YES;
				CLANG_WARN_OBJC_IMPLICIT_RETAIN_SELF = YES;
				CLANG_WARN_OBJC_LITERAL_CONVERSION = YES;
				CLANG_WARN_OBJC_ROOT_CLASS = YES_ERROR;
				CLANG_WARN_QUOTED_INCLUDE_IN_FRAMEWORK_HEADER = YES;
				CLANG_WARN_RANGE_LOOP_ANALYSIS = YES;
				CLANG_WARN_STRICT_PROTOTYPES = YES;
				CLANG_WARN_SUSPICIOUS_MOVE = YES;
				CLANG_WARN_UNGUARDED_AVAILABILITY = YES_AGGRESSIVE;
				CLANG_WARN_UNREACHABLE_CODE = YES;
				CLANG_WARN__DUPLICATE_METHOD_MATCH = YES;
				COPY_PHASE_STRIP = NO;
				DEBUG_INFORMATION_FORMAT = dwarf;
				ENABLE_STRICT_OBJC_MSGSEND = YES;
				ENABLE_TESTABILITY = YES;
				GCC_C_LANGUAGE_STANDARD = gnu11;
				GCC_DYNAMIC_NO_PIC = NO;
				GCC_NO_COMMON_BLOCKS = YES;
				GCC_OPTIMIZATION_LEVEL = 0;
				GCC_PREPROCESSOR_DEFINITIONS = (
					"DEBUG=1",
					"$(inherited)",
				);
				GCC_WARN_64_TO_32_BIT_CONVERSION = YES;
				GCC_WARN_ABOUT_RETURN_TYPE = YES_ERROR;
				GCC_WARN_UNDECLARED_SELECTOR = YES;
				GCC_WARN_UNINITIALIZED_AUTOS = YES_AGGRESSIVE;
				GCC_WARN_UNUSED_FUNCTION = YES;
				GCC_WARN_UNUSED_VARIABLE = YES;
				IPHONEOS_DEPLOYMENT_TARGET = 16.2;
				MTL_ENABLE_DEBUG_INFO = INCLUDE_SOURCE;
				MTL_FAST_MATH = YES;
				ONLY_ACTIVE_ARCH = YES;
				SDKROOT = iphoneos;
				SWIFT_ACTIVE_COMPILATION_CONDITIONS = DEBUG;
				SWIFT_OPTIMIZATION_LEVEL = "-Onone";
			};
			name = Debug;
		};
		F6AE09FB297B206500F1490D /* Release */ = {
			isa = XCBuildConfiguration;
			buildSettings = {
				ALWAYS_SEARCH_USER_PATHS = NO;
				CLANG_ANALYZER_NONNULL = YES;
				CLANG_ANALYZER_NUMBER_OBJECT_CONVERSION = YES_AGGRESSIVE;
				CLANG_CXX_LANGUAGE_STANDARD = "gnu++20";
				CLANG_ENABLE_MODULES = YES;
				CLANG_ENABLE_OBJC_ARC = YES;
				CLANG_ENABLE_OBJC_WEAK = YES;
				CLANG_WARN_BLOCK_CAPTURE_AUTORELEASING = YES;
				CLANG_WARN_BOOL_CONVERSION = YES;
				CLANG_WARN_COMMA = YES;
				CLANG_WARN_CONSTANT_CONVERSION = YES;
				CLANG_WARN_DEPRECATED_OBJC_IMPLEMENTATIONS = YES;
				CLANG_WARN_DIRECT_OBJC_ISA_USAGE = YES_ERROR;
				CLANG_WARN_DOCUMENTATION_COMMENTS = YES;
				CLANG_WARN_EMPTY_BODY = YES;
				CLANG_WARN_ENUM_CONVERSION = YES;
				CLANG_WARN_INFINITE_RECURSION = YES;
				CLANG_WARN_INT_CONVERSION = YES;
				CLANG_WARN_NON_LITERAL_NULL_CONVERSION = YES;
				CLANG_WARN_OBJC_IMPLICIT_RETAIN_SELF = YES;
				CLANG_WARN_OBJC_LITERAL_CONVERSION = YES;
				CLANG_WARN_OBJC_ROOT_CLASS = YES_ERROR;
				CLANG_WARN_QUOTED_INCLUDE_IN_FRAMEWORK_HEADER = YES;
				CLANG_WARN_RANGE_LOOP_ANALYSIS = YES;
				CLANG_WARN_STRICT_PROTOTYPES = YES;
				CLANG_WARN_SUSPICIOUS_MOVE = YES;
				CLANG_WARN_UNGUARDED_AVAILABILITY = YES_AGGRESSIVE;
				CLANG_WARN_UNREACHABLE_CODE = YES;
				CLANG_WARN__DUPLICATE_METHOD_MATCH = YES;
				COPY_PHASE_STRIP = NO;
				DEBUG_INFORMATION_FORMAT = "dwarf-with-dsym";
				ENABLE_NS_ASSERTIONS = NO;
				ENABLE_STRICT_OBJC_MSGSEND = YES;
				GCC_C_LANGUAGE_STANDARD = gnu11;
				GCC_NO_COMMON_BLOCKS = YES;
				GCC_WARN_64_TO_32_BIT_CONVERSION = YES;
				GCC_WARN_ABOUT_RETURN_TYPE = YES_ERROR;
				GCC_WARN_UNDECLARED_SELECTOR = YES;
				GCC_WARN_UNINITIALIZED_AUTOS = YES_AGGRESSIVE;
				GCC_WARN_UNUSED_FUNCTION = YES;
				GCC_WARN_UNUSED_VARIABLE = YES;
				IPHONEOS_DEPLOYMENT_TARGET = 16.2;
				MTL_ENABLE_DEBUG_INFO = NO;
				MTL_FAST_MATH = YES;
				SDKROOT = iphoneos;
				SWIFT_COMPILATION_MODE = wholemodule;
				SWIFT_OPTIMIZATION_LEVEL = "-O";
				VALIDATE_PRODUCT = YES;
			};
			name = Release;
		};
		F6AE09FD297B206500F1490D /* Debug */ = {
			isa = XCBuildConfiguration;
			buildSettings = {
				ASSETCATALOG_COMPILER_APPICON_NAME = AppIcon;
				ASSETCATALOG_COMPILER_GLOBAL_ACCENT_COLOR_NAME = AccentColor;
				CODE_SIGN_STYLE = Automatic;
				CURRENT_PROJECT_VERSION = 1;
				DEVELOPMENT_ASSET_PATHS = "\"WordMaster/Preview Content\"";
				DEVELOPMENT_TEAM = 23R9JHJLFW;
				ENABLE_PREVIEWS = YES;
				GENERATE_INFOPLIST_FILE = YES;
				INFOPLIST_KEY_UIApplicationSceneManifest_Generation = YES;
				INFOPLIST_KEY_UIApplicationSupportsIndirectInputEvents = YES;
				INFOPLIST_KEY_UILaunchStoryboardName = LaunchScreen.storyboard;
				INFOPLIST_KEY_UISupportedInterfaceOrientations_iPad = "UIInterfaceOrientationPortrait UIInterfaceOrientationPortraitUpsideDown UIInterfaceOrientationLandscapeLeft UIInterfaceOrientationLandscapeRight";
				INFOPLIST_KEY_UISupportedInterfaceOrientations_iPhone = "UIInterfaceOrientationPortrait UIInterfaceOrientationLandscapeLeft UIInterfaceOrientationLandscapeRight";
				LD_RUNPATH_SEARCH_PATHS = (
					"$(inherited)",
					"@executable_path/Frameworks",
				);
				MARKETING_VERSION = 1.0;
				PRODUCT_BUNDLE_IDENTIFIER = com.mia.WordMaster;
				PRODUCT_NAME = "$(TARGET_NAME)";
				SWIFT_EMIT_LOC_STRINGS = YES;
				SWIFT_VERSION = 5.0;
				TARGETED_DEVICE_FAMILY = "1,2";
			};
			name = Debug;
		};
		F6AE09FE297B206500F1490D /* Release */ = {
			isa = XCBuildConfiguration;
			buildSettings = {
				ASSETCATALOG_COMPILER_APPICON_NAME = AppIcon;
				ASSETCATALOG_COMPILER_GLOBAL_ACCENT_COLOR_NAME = AccentColor;
				CODE_SIGN_STYLE = Automatic;
				CURRENT_PROJECT_VERSION = 1;
				DEVELOPMENT_ASSET_PATHS = "\"WordMaster/Preview Content\"";
				DEVELOPMENT_TEAM = 23R9JHJLFW;
				ENABLE_PREVIEWS = YES;
				GENERATE_INFOPLIST_FILE = YES;
				INFOPLIST_KEY_UIApplicationSceneManifest_Generation = YES;
				INFOPLIST_KEY_UIApplicationSupportsIndirectInputEvents = YES;
				INFOPLIST_KEY_UILaunchStoryboardName = LaunchScreen.storyboard;
				INFOPLIST_KEY_UISupportedInterfaceOrientations_iPad = "UIInterfaceOrientationPortrait UIInterfaceOrientationPortraitUpsideDown UIInterfaceOrientationLandscapeLeft UIInterfaceOrientationLandscapeRight";
				INFOPLIST_KEY_UISupportedInterfaceOrientations_iPhone = "UIInterfaceOrientationPortrait UIInterfaceOrientationLandscapeLeft UIInterfaceOrientationLandscapeRight";
				LD_RUNPATH_SEARCH_PATHS = (
					"$(inherited)",
					"@executable_path/Frameworks",
				);
				MARKETING_VERSION = 1.0;
				PRODUCT_BUNDLE_IDENTIFIER = com.mia.WordMaster;
				PRODUCT_NAME = "$(TARGET_NAME)";
				SWIFT_EMIT_LOC_STRINGS = YES;
				SWIFT_VERSION = 5.0;
				TARGETED_DEVICE_FAMILY = "1,2";
			};
			name = Release;
		};
/* End XCBuildConfiguration section */

/* Begin XCConfigurationList section */
		F6AE09E9297B206100F1490D /* Build configuration list for PBXProject "Word Master2" */ = {
			isa = XCConfigurationList;
			buildConfigurations = (
				F6AE09FA297B206500F1490D /* Debug */,
				F6AE09FB297B206500F1490D /* Release */,
			);
			defaultConfigurationIsVisible = 0;
			defaultConfigurationName = Release;
		};
		F6AE09FC297B206500F1490D /* Build configuration list for PBXNativeTarget "Word Master2" */ = {
			isa = XCConfigurationList;
			buildConfigurations = (
				F6AE09FD297B206500F1490D /* Debug */,
				F6AE09FE297B206500F1490D /* Release */,
			);
			defaultConfigurationIsVisible = 0;
			defaultConfigurationName = Release;
		};
/* End XCConfigurationList section */
	};
	rootObject = F6AE09E6297B206100F1490D /* Project object */;
}
